<?xml version="1.0" encoding="utf-8"?>
<Project ToolsVersion="4.0" xmlns="http://schemas.microsoft.com/developer/msbuild/2003">
  <ItemGroup>
    <ClCompile Include="IRC.cpp">
      <Filter>Source Files</Filter>
    </ClCompile>
    <ClCompile Include="json.cpp">
      <Filter>Source Files</Filter>
    </ClCompile>
    <ClCompile Include="GrenadeHelper.cpp">
      <Filter>Source Files</Filter>
    </ClCompile>
    <ClCompile Include="grenadeprediction.cpp">
      <Filter>Source Files</Filter>
    </ClCompile>
    <ClCompile Include="HitMarkers.cpp">
      <Filter>Source Files</Filter>
    </ClCompile>
    <ClCompile Include="Hooks.cpp">
      <Filter>Source Files</Filter>
    </ClCompile>
    <ClCompile Include="HvHTab.cpp">
      <Filter>Source Files</Filter>
    </ClCompile>
    <ClCompile Include="HWID.cpp">
      <Filter>Source Files</Filter>
    </ClCompile>
    <ClCompile Include="SDK\ICvar.cpp">
      <Filter>Source Files</Filter>
    </ClCompile>
    <ClCompile Include="ImGui\imgui.cpp">
      <Filter>Source Files</Filter>
    </ClCompile>
    <ClCompile Include="ImGui\imgui_demo.cpp">
      <Filter>Source Files</Filter>
    </ClCompile>
    <ClCompile Include="ImGui\imgui_draw.cpp">
      <Filter>Source Files</Filter>
    </ClCompile>
    <ClCompile Include="ImGui\examples\directx9_example\imgui_impl_dx9.cpp">
      <Filter>Source Files</Filter>
    </ClCompile>
    <ClCompile Include="Interfaces.cpp">
      <Filter>Source Files</Filter>
    </ClCompile>
    <ClCompile Include="InventoryChanger.cpp">
      <Filter>Source Files</Filter>
    </ClCompile>
    <ClCompile Include="AimBot.cpp">
      <Filter>Source Files</Filter>
    </ClCompile>
    <ClCompile Include="AimBotTab.cpp">
      <Filter>Source Files</Filter>
    </ClCompile>
    <ClCompile Include="aimtab.cpp">
      <Filter>Source Files</Filter>
    </ClCompile>
    <ClCompile Include="airbornehvhtab.cpp">
      <Filter>Source Files</Filter>
    </ClCompile>
    <ClCompile Include="AirStuck.cpp">
      <Filter>Source Files</Filter>
    </ClCompile>
    <ClCompile Include="anglehelper.cpp">
      <Filter>Source Files</Filter>
    </ClCompile>
    <ClCompile Include="angleindicator.cpp">
      <Filter>Source Files</Filter>
    </ClCompile>
    <ClCompile Include="Animations.cpp">
      <Filter>Source Files</Filter>
    </ClCompile>
    <ClCompile Include="AntiAim.cpp">
      <Filter>Source Files</Filter>
    </ClCompile>
    <ClCompile Include="antiaiminfos.cpp">
      <Filter>Source Files</Filter>
    </ClCompile>
    <ClCompile Include="AsusWalls.cpp">
      <Filter>Source Files</Filter>
    </ClCompile>
    <ClCompile Include="AutoAccept.cpp">
      <Filter>Source Files</Filter>
    </ClCompile>
    <ClCompile Include="AutoBlock.cpp">
      <Filter>Source Files</Filter>
    </ClCompile>
    <ClCompile Include="AutoDefuse.cpp">
      <Filter>Source Files</Filter>
    </ClCompile>
    <ClCompile Include="autoknife.cpp">
      <Filter>Source Files</Filter>
    </ClCompile>
    <ClCompile Include="AutoStrafe.cpp">
      <Filter>Source Files</Filter>
    </ClCompile>
    <ClCompile Include="AutoWall.cpp">
      <Filter>Source Files</Filter>
    </ClCompile>
    <ClCompile Include="backtracking.cpp">
      <Filter>Source Files</Filter>
    </ClCompile>
    <ClCompile Include="base64.cpp">
      <Filter>Source Files</Filter>
    </ClCompile>
    <ClCompile Include="BunnyHop.cpp">
      <Filter>Source Files</Filter>
    </ClCompile>
    <ClCompile Include="Chams.cpp">
      <Filter>Source Files</Filter>
    </ClCompile>
    <ClCompile Include="checksum_md5.cpp">
      <Filter>Source Files</Filter>
    </ClCompile>
    <ClCompile Include="ClanTagChanger.cpp">
      <Filter>Source Files</Filter>
    </ClCompile>
    <ClCompile Include="SDK\Color.cpp">
      <Filter>Source Files</Filter>
    </ClCompile>
    <ClCompile Include="Config.cpp">
      <Filter>Source Files</Filter>
    </ClCompile>
    <ClCompile Include="configs.cpp">
      <Filter>Source Files</Filter>
    </ClCompile>
    <ClCompile Include="Console.cpp">
      <Filter>Source Files</Filter>
    </ClCompile>
    <ClCompile Include="CustomGlow.cpp">
      <Filter>Source Files</Filter>
    </ClCompile>
    <ClCompile Include="DDI.cpp">
      <Filter>Source Files</Filter>
    </ClCompile>
    <ClCompile Include="disablepostprocessing.cpp">
      <Filter>Source Files</Filter>
    </ClCompile>
    <ClCompile Include="DLights.cpp">
      <Filter>Source Files</Filter>
    </ClCompile>
    <ClCompile Include="DllMain.cpp">
      <Filter>Source Files</Filter>
    </ClCompile>
    <ClCompile Include="Draw.cpp">
      <Filter>Source Files</Filter>
    </ClCompile>
    <ClCompile Include="EdgeJump.cpp">
      <Filter>Source Files</Filter>
    </ClCompile>
    <ClCompile Include="Entity.cpp">
      <Filter>Source Files</Filter>
    </ClCompile>
    <ClCompile Include="ESP.cpp">
      <Filter>Source Files</Filter>
    </ClCompile>
    <ClCompile Include="eventlogger.cpp">
      <Filter>Source Files</Filter>
    </ClCompile>
    <ClCompile Include="FakeLag.cpp">
      <Filter>Source Files</Filter>
    </ClCompile>
    <ClCompile Include="FakeLatency.cpp">
      <Filter>Source Files</Filter>
    </ClCompile>
    <ClCompile Include="FakeWalk.cpp">
      <Filter>Source Files</Filter>
    </ClCompile>
    <ClCompile Include="FindPattern.cpp">
      <Filter>Source Files</Filter>
    </ClCompile>
    <ClCompile Include="FOVChanger.cpp">
      <Filter>Source Files</Filter>
    </ClCompile>
    <ClCompile Include="WalkBot.cpp">
      <Filter>Source Files</Filter>
    </ClCompile>
    <ClCompile Include="JumpThrow.cpp">
      <Filter>Source Files</Filter>
    </ClCompile>
    <ClCompile Include="SDK\KeyValues.cpp">
      <Filter>Source Files</Filter>
    </ClCompile>
    <ClCompile Include="LagComp.cpp">
      <Filter>Source Files</Filter>
    </ClCompile>
    <ClCompile Include="lbyindicator.cpp">
      <Filter>Source Files</Filter>
    </ClCompile>
    <ClCompile Include="LobbyMod.cpp">
      <Filter>Source Files</Filter>
    </ClCompile>
    <ClCompile Include="SDK\materialconfig.cpp">
      <Filter>Source Files</Filter>
    </ClCompile>
    <ClCompile Include="Math.cpp">
      <Filter>Source Files</Filter>
    </ClCompile>
    <ClCompile Include="Menu.cpp">
      <Filter>Source Files</Filter>
    </ClCompile>
    <ClCompile Include="MiscHvHTab.cpp">
      <Filter>Source Files</Filter>
    </ClCompile>
    <ClCompile Include="ModelsTab.cpp">
      <Filter>Source Files</Filter>
    </ClCompile>
    <ClCompile Include="modsupport.cpp">
      <Filter>Source Files</Filter>
    </ClCompile>
    <ClCompile Include="moonwalk.cpp">
      <Filter>Source Files</Filter>
    </ClCompile>
    <ClCompile Include="movinghvhtab.cpp">
      <Filter>Source Files</Filter>
    </ClCompile>
    <ClCompile Include="NadePrediction.cpp">
      <Filter>Source Files</Filter>
    </ClCompile>
    <ClCompile Include="NameChanger.cpp">
      <Filter>Source Files</Filter>
    </ClCompile>
    <ClCompile Include="NameStealer.cpp">
      <Filter>Source Files</Filter>
    </ClCompile>
    <ClCompile Include="SDK\NetvarManager.cpp">
      <Filter>Source Files</Filter>
    </ClCompile>
    <ClCompile Include="noduckcooldown.cpp">
      <Filter>Source Files</Filter>
    </ClCompile>
    <ClCompile Include="NoFlash.cpp">
      <Filter>Source Files</Filter>
    </ClCompile>
    <ClCompile Include="nofog.cpp">
      <Filter>Source Files</Filter>
    </ClCompile>
    <ClCompile Include="NoSky.cpp">
      <Filter>Source Files</Filter>
    </ClCompile>
    <ClCompile Include="NoSmoke.cpp">
      <Filter>Source Files</Filter>
    </ClCompile>
    <ClCompile Include="NoSpread.cpp">
      <Filter>Source Files</Filter>
    </ClCompile>
    <ClCompile Include="SDK\Offsets.cpp">
      <Filter>Source Files</Filter>
    </ClCompile>
    <ClCompile Include="OverrideConfig.cpp">
      <Filter>Source Files</Filter>
    </ClCompile>
    <ClCompile Include="PredictionSystem.cpp">
      <Filter>Source Files</Filter>
    </ClCompile>
    <ClCompile Include="Radar.cpp">
      <Filter>Source Files</Filter>
    </ClCompile>
    <ClCompile Include="RecoilCrosshair.cpp">
      <Filter>Source Files</Filter>
    </ClCompile>
    <ClCompile Include="Renderer.cpp">
      <Filter>Source Files</Filter>
    </ClCompile>
    <ClCompile Include="Resolver.cpp">
      <Filter>Source Files</Filter>
    </ClCompile>
    <ClCompile Include="resolverinfo.cpp">
      <Filter>Source Files</Filter>
    </ClCompile>
    <ClCompile Include="Settings.cpp">
      <Filter>Source Files</Filter>
    </ClCompile>
    <ClCompile Include="Shortcuts2.cpp">
      <Filter>Source Files</Filter>
    </ClCompile>
    <ClCompile Include="ShowRanks.cpp">
      <Filter>Source Files</Filter>
    </ClCompile>
    <ClCompile Include="ShowSpectators.cpp">
      <Filter>Source Files</Filter>
    </ClCompile>
    <ClCompile Include="SkinChanger.cpp">
      <Filter>Source Files</Filter>
    </ClCompile>
    <ClCompile Include="skinmodelchanger.cpp">
      <Filter>Source Files</Filter>
    </ClCompile>
    <ClCompile Include="skinparser.cpp">
      <Filter>Source Files</Filter>
    </ClCompile>
    <ClCompile Include="Skins.cpp">
      <Filter>Source Files</Filter>
    </ClCompile>
    <ClCompile Include="SkinsTab.cpp">
      <Filter>Source Files</Filter>
    </ClCompile>
    <ClCompile Include="SniperCrosshair.cpp">
      <Filter>Source Files</Filter>
    </ClCompile>
    <ClCompile Include="Spammer.cpp">
      <Filter>Source Files</Filter>
    </ClCompile>
    <ClCompile Include="speedindicator.cpp">
      <Filter>Source Files</Filter>
    </ClCompile>
    <ClCompile Include="SpotifyControls.cpp">
      <Filter>Source Files</Filter>
    </ClCompile>
    <ClCompile Include="Sprite.cpp">
      <Filter>Source Files</Filter>
    </ClCompile>
    <ClCompile Include="standinghvhtab.cpp">
      <Filter>Source Files</Filter>
    </ClCompile>
    <ClCompile Include="stickers.cpp">
      <Filter>Source Files</Filter>
    </ClCompile>
    <ClCompile Include="TelePort.cpp">
      <Filter>Source Files</Filter>
    </ClCompile>
    <ClCompile Include="Testhook.cpp">
      <Filter>Source Files</Filter>
    </ClCompile>
    <ClCompile Include="ThirdPerson.cpp">
      <Filter>Source Files</Filter>
    </ClCompile>
    <ClCompile Include="Tracer.cpp">
      <Filter>Source Files</Filter>
    </ClCompile>
    <ClCompile Include="TriggerBot.cpp">
      <Filter>Source Files</Filter>
    </ClCompile>
    <ClCompile Include="TriggerBotTab.cpp">
      <Filter>Source Files</Filter>
    </ClCompile>
    <ClCompile Include="Util.cpp">
      <Filter>Source Files</Filter>
    </ClCompile>
    <ClCompile Include="Util_Items.cpp">
      <Filter>Source Files</Filter>
    </ClCompile>
    <ClCompile Include="Util_SDK.cpp">
      <Filter>Source Files</Filter>
    </ClCompile>
    <ClCompile Include="valvedscheck.cpp">
      <Filter>Source Files</Filter>
    </ClCompile>
    <ClCompile Include="View.cpp">
      <Filter>Source Files</Filter>
    </ClCompile>
    <ClCompile Include="IPlayeranimstate.h">
      <Filter>Header Files\SDK</Filter>
    </ClCompile>
  </ItemGroup>
  <ItemGroup>
    <ClInclude Include="SDK\Definitions.h">
      <Filter>Header Files</Filter>
    </ClInclude>
    <ClInclude Include="backtracking.h">
      <Filter>Header Files</Filter>
    </ClInclude>
    <ClInclude Include="baseanimating.h">
      <Filter>Header Files</Filter>
    </ClInclude>
    <ClInclude Include="BunnyHop.h">
      <Filter>Header Files</Filter>
    </ClInclude>
    <ClInclude Include="Chams.h">
      <Filter>Header Files</Filter>
    </ClInclude>
    <ClInclude Include="checksum_md5.hpp">
      <Filter>Header Files</Filter>
    </ClInclude>
    <ClInclude Include="ClanTagChanger.h">
      <Filter>Header Files</Filter>
    </ClInclude>
    <ClInclude Include="SDK\Color.h">
      <Filter>Header Files</Filter>
    </ClInclude>
    <ClInclude Include="Config.h">
      <Filter>Header Files</Filter>
    </ClInclude>
    <ClInclude Include="configs.h">
      <Filter>Header Files</Filter>
    </ClInclude>
    <ClInclude Include="Console.h">
      <Filter>Header Files</Filter>
    </ClInclude>
    <ClInclude Include="CustomGlow.h">
      <Filter>Header Files</Filter>
    </ClInclude>
    <ClInclude Include="SDK\CView.h">
      <Filter>Header Files</Filter>
    </ClInclude>
    <ClInclude Include="DDI.h">
      <Filter>Header Files</Filter>
    </ClInclude>
    <ClInclude Include="AimBot.h">
      <Filter>Header Files</Filter>
    </ClInclude>
    <ClInclude Include="AimBotTab.h">
      <Filter>Header Files</Filter>
    </ClInclude>
    <ClInclude Include="aimtab.h">
      <Filter>Header Files</Filter>
    </ClInclude>
    <ClInclude Include="airbornehvhtab.h">
      <Filter>Header Files</Filter>
    </ClInclude>
    <ClInclude Include="AirStuck.h">
      <Filter>Header Files</Filter>
    </ClInclude>
    <ClInclude Include="anglehelper.h">
      <Filter>Header Files</Filter>
    </ClInclude>
    <ClInclude Include="angleindicator.h">
      <Filter>Header Files</Filter>
    </ClInclude>
    <ClInclude Include="AntiAim.h">
      <Filter>Header Files</Filter>
    </ClInclude>
    <ClInclude Include="antiaiminfos.h">
      <Filter>Header Files</Filter>
    </ClInclude>
    <ClInclude Include="asprintf.h">
      <Filter>Header Files</Filter>
    </ClInclude>
    <ClInclude Include="AsusWalls.h">
      <Filter>Header Files</Filter>
    </ClInclude>
    <ClInclude Include="AutoAccept.h">
      <Filter>Header Files</Filter>
    </ClInclude>
    <ClInclude Include="AutoBlock.h">
      <Filter>Header Files</Filter>
    </ClInclude>
    <ClInclude Include="AutoDefuse.h">
      <Filter>Header Files</Filter>
    </ClInclude>
    <ClInclude Include="autoknife.h">
      <Filter>Header Files</Filter>
    </ClInclude>
    <ClInclude Include="AutoStrafe.h">
      <Filter>Header Files</Filter>
    </ClInclude>
    <ClInclude Include="AutoWall.h">
      <Filter>Header Files</Filter>
    </ClInclude>
    <ClInclude Include="disablepostprocessing.h">
      <Filter>Header Files</Filter>
    </ClInclude>
    <ClInclude Include="DLights.h">
      <Filter>Header Files</Filter>
    </ClInclude>
    <ClInclude Include="DllMain.h">
      <Filter>Header Files</Filter>
    </ClInclude>
    <ClInclude Include="Draw.h">
      <Filter>Header Files</Filter>
    </ClInclude>
    <ClInclude Include="EdgeJump.h">
      <Filter>Header Files</Filter>
    </ClInclude>
    <ClInclude Include="Entity.h">
      <Filter>Header Files</Filter>
    </ClInclude>
    <ClInclude Include="ESP.h">
      <Filter>Header Files</Filter>
    </ClInclude>
    <ClInclude Include="eventlogger.h">
      <Filter>Header Files</Filter>
    </ClInclude>
    <ClInclude Include="FakeLag.h">
      <Filter>Header Files</Filter>
    </ClInclude>
    <ClInclude Include="FakeLatency.h">
      <Filter>Header Files</Filter>
    </ClInclude>
    <ClInclude Include="FakeWalk.h">
      <Filter>Header Files</Filter>
    </ClInclude>
    <ClInclude Include="Features.h">
      <Filter>Header Files</Filter>
    </ClInclude>
    <ClInclude Include="FindPattern.h">
      <Filter>Header Files</Filter>
    </ClInclude>
    <ClInclude Include="FOVChanger.h">
      <Filter>Header Files</Filter>
    </ClInclude>
    <ClInclude Include="SDK\getvfunc.h">
      <Filter>Header Files</Filter>
    </ClInclude>
    <ClInclude Include="SDK\GlowObject.h">
      <Filter>Header Files</Filter>
    </ClInclude>
    <ClInclude Include="GrenadeHelper.h">
      <Filter>Header Files</Filter>
    </ClInclude>
    <ClInclude Include="grenadeprediction.h">
      <Filter>Header Files</Filter>
    </ClInclude>
    <ClInclude Include="HitMarkers.h">
      <Filter>Header Files</Filter>
    </ClInclude>
    <ClInclude Include="Hooks.h">
      <Filter>Header Files</Filter>
    </ClInclude>
    <ClInclude Include="HvHTab.h">
      <Filter>Header Files</Filter>
    </ClInclude>
    <ClInclude Include="HWID.h">
      <Filter>Header Files</Filter>
    </ClInclude>
    <ClInclude Include="Icons.h">
      <Filter>Header Files</Filter>
    </ClInclude>
    <ClInclude Include="image.h">
      <Filter>Header Files</Filter>
    </ClInclude>
    <ClInclude Include="ImGui\imgui.h">
      <Filter>Header Files</Filter>
    </ClInclude>
    <ClInclude Include="ImGui\examples\directx9_example\imgui_impl_dx9.h">
      <Filter>Header Files</Filter>
    </ClInclude>
    <ClInclude Include="ImGui\imgui_internal.h">
      <Filter>Header Files</Filter>
    </ClInclude>
    <ClInclude Include="Interfaces.h">
      <Filter>Header Files</Filter>
    </ClInclude>
    <ClInclude Include="InventoryChanger.h">
      <Filter>Header Files</Filter>
    </ClInclude>
    <ClInclude Include="IRC.h">
      <Filter>Header Files</Filter>
    </ClInclude>
    <ClInclude Include="json.h">
      <Filter>Header Files</Filter>
    </ClInclude>
    <ClInclude Include="JumpThrow.h">
      <Filter>Header Files</Filter>
    </ClInclude>
    <ClInclude Include="LagComp.h">
      <Filter>Header Files</Filter>
    </ClInclude>
    <ClInclude Include="lbyindicator.h">
      <Filter>Header Files</Filter>
    </ClInclude>
    <ClInclude Include="LobbyMod.h">
      <Filter>Header Files</Filter>
    </ClInclude>
    <ClInclude Include="login.h">
      <Filter>Header Files</Filter>
    </ClInclude>
    <ClInclude Include="Math.h">
      <Filter>Header Files</Filter>
    </ClInclude>
    <ClInclude Include="memmem.h">
      <Filter>Header Files</Filter>
    </ClInclude>
    <ClInclude Include="Menu.h">
      <Filter>Header Files</Filter>
    </ClInclude>
    <ClInclude Include="MiscHvHTab.h">
      <Filter>Header Files</Filter>
    </ClInclude>
    <ClInclude Include="ModelsTab.h">
      <Filter>Header Files</Filter>
    </ClInclude>
    <ClInclude Include="modsupport.h">
      <Filter>Header Files</Filter>
    </ClInclude>
    <ClInclude Include="ModuleSec.h">
      <Filter>Header Files</Filter>
    </ClInclude>
    <ClInclude Include="moonwalk.h">
      <Filter>Header Files</Filter>
    </ClInclude>
    <ClInclude Include="movinghvhtab.h">
      <Filter>Header Files</Filter>
    </ClInclude>
    <ClInclude Include="NadePrediction.h">
      <Filter>Header Files</Filter>
    </ClInclude>
    <ClInclude Include="NameChanger.h">
      <Filter>Header Files</Filter>
    </ClInclude>
    <ClInclude Include="NameStealer.h">
      <Filter>Header Files</Filter>
    </ClInclude>
    <ClInclude Include="SDK\NetvarManager.h">
      <Filter>Header Files</Filter>
    </ClInclude>
    <ClInclude Include="noduckcooldown.h">
      <Filter>Header Files</Filter>
    </ClInclude>
    <ClInclude Include="NoFlash.h">
      <Filter>Header Files</Filter>
    </ClInclude>
    <ClInclude Include="nofog.h">
      <Filter>Header Files</Filter>
    </ClInclude>
    <ClInclude Include="NoSky.h">
      <Filter>Header Files</Filter>
    </ClInclude>
    <ClInclude Include="NoSmoke.h">
      <Filter>Header Files</Filter>
    </ClInclude>
    <ClInclude Include="NoSpread.h">
      <Filter>Header Files</Filter>
    </ClInclude>
    <ClInclude Include="SDK\Offsets.h">
      <Filter>Header Files</Filter>
    </ClInclude>
    <ClInclude Include="OverrideConfig.h">
      <Filter>Header Files</Filter>
    </ClInclude>
    <ClInclude Include="PredictionSystem.h">
      <Filter>Header Files</Filter>
    </ClInclude>
    <ClInclude Include="pstring.h">
      <Filter>Header Files</Filter>
    </ClInclude>
    <ClInclude Include="Radar.h">
      <Filter>Header Files</Filter>
    </ClInclude>
    <ClInclude Include="RecoilCrosshair.h">
      <Filter>Header Files</Filter>
    </ClInclude>
    <ClInclude Include="recvproxyhook.h">
      <Filter>Header Files</Filter>
    </ClInclude>
    <ClInclude Include="Renderer.h">
      <Filter>Header Files</Filter>
    </ClInclude>
    <ClInclude Include="Resolver.h">
      <Filter>Header Files</Filter>
    </ClInclude>
    <ClInclude Include="resolverinfo.h">
      <Filter>Header Files</Filter>
    </ClInclude>
    <ClInclude Include="SegoeUI.h">
      <Filter>Header Files</Filter>
    </ClInclude>
    <ClInclude Include="Settings.h">
      <Filter>Header Files</Filter>
    </ClInclude>
    <ClInclude Include="Shared.h">
      <Filter>Header Files</Filter>
    </ClInclude>
    <ClInclude Include="Shortcuts2.h">
      <Filter>Header Files</Filter>
    </ClInclude>
    <ClInclude Include="ShouldDrawFog.h">
      <Filter>Header Files</Filter>
    </ClInclude>
    <ClInclude Include="ShowRanks.h">
      <Filter>Header Files</Filter>
    </ClInclude>
    <ClInclude Include="ShowSpectators.h">
      <Filter>Header Files</Filter>
    </ClInclude>
    <ClInclude Include="Singleton.hpp">
      <Filter>Header Files</Filter>
    </ClInclude>
    <ClInclude Include="SkinChanger.h">
      <Filter>Header Files</Filter>
    </ClInclude>
    <ClInclude Include="skinmodelchanger.h">
      <Filter>Header Files</Filter>
    </ClInclude>
    <ClInclude Include="skinparser.h">
      <Filter>Header Files</Filter>
    </ClInclude>
    <ClInclude Include="Skins.h">
      <Filter>Header Files</Filter>
    </ClInclude>
    <ClInclude Include="SkinsTab.h">
      <Filter>Header Files</Filter>
    </ClInclude>
    <ClInclude Include="SniperCrosshair.h">
      <Filter>Header Files</Filter>
    </ClInclude>
    <ClInclude Include="Spammer.h">
      <Filter>Header Files</Filter>
    </ClInclude>
    <ClInclude Include="speedindicator.h">
      <Filter>Header Files</Filter>
    </ClInclude>
    <ClInclude Include="SpotifyControls.h">
      <Filter>Header Files</Filter>
    </ClInclude>
    <ClInclude Include="Sprite.h">
      <Filter>Header Files</Filter>
    </ClInclude>
    <ClInclude Include="standinghvhtab.h">
      <Filter>Header Files</Filter>
    </ClInclude>
    <ClInclude Include="ImGui\stb_rect_pack.h">
      <Filter>Header Files</Filter>
    </ClInclude>
    <ClInclude Include="ImGui\stb_textedit.h">
      <Filter>Header Files</Filter>
    </ClInclude>
    <ClInclude Include="ImGui\stb_truetype.h">
      <Filter>Header Files</Filter>
    </ClInclude>
    <ClInclude Include="stickers.h">
      <Filter>Header Files</Filter>
    </ClInclude>
    <ClInclude Include="TelePort.h">
      <Filter>Header Files</Filter>
    </ClInclude>
    <ClInclude Include="Testhook.h">
      <Filter>Header Files</Filter>
    </ClInclude>
    <ClInclude Include="ThirdPerson.h">
      <Filter>Header Files</Filter>
    </ClInclude>
    <ClInclude Include="Tracer.h">
      <Filter>Header Files</Filter>
    </ClInclude>
    <ClInclude Include="TriggerBot.h">
      <Filter>Header Files</Filter>
    </ClInclude>
    <ClInclude Include="TriggerBotTab.h">
      <Filter>Header Files</Filter>
    </ClInclude>
    <ClInclude Include="Util.h">
      <Filter>Header Files</Filter>
    </ClInclude>
    <ClInclude Include="Util_Items.h">
      <Filter>Header Files</Filter>
    </ClInclude>
    <ClInclude Include="Util_SDK.h">
      <Filter>Header Files</Filter>
    </ClInclude>
    <ClInclude Include="valvedscheck.h">
      <Filter>Header Files</Filter>
    </ClInclude>
    <ClInclude Include="SDK\Vector.h">
      <Filter>Header Files</Filter>
    </ClInclude>
    <ClInclude Include="View.h">
      <Filter>Header Files</Filter>
    </ClInclude>
    <ClInclude Include="SDK\VMTHook.h">
      <Filter>Header Files</Filter>
    </ClInclude>
    <ClInclude Include="WalkBot.h">
      <Filter>Header Files</Filter>
    </ClInclude>
    <ClInclude Include="xhook.h">
      <Filter>Header Files</Filter>
    </ClInclude>
    <ClInclude Include="XorStr.hpp">
      <Filter>Header Files</Filter>
    </ClInclude>
    <ClInclude Include="SDK\IClientEntity.h">
      <Filter>Header Files\SDK</Filter>
    </ClInclude>
    <ClInclude Include="SDK\IClientEntityList.h">
      <Filter>Header Files\SDK</Filter>
    </ClInclude>
    <ClInclude Include="SDK\IClientMode.h">
      <Filter>Header Files\SDK</Filter>
    </ClInclude>
    <ClInclude Include="ICommandLine.h">
      <Filter>Header Files\SDK</Filter>
    </ClInclude>
    <ClInclude Include="SDK\ICvar.h">
      <Filter>Header Files\SDK</Filter>
    </ClInclude>
    <ClInclude Include="SDK\IEngineClient.h">
      <Filter>Header Files\SDK</Filter>
    </ClInclude>
    <ClInclude Include="SDK\IEngineTrace.h">
      <Filter>Header Files\SDK</Filter>
    </ClInclude>
    <ClInclude Include="SDK\IGameEventManager.h">
      <Filter>Header Files\SDK</Filter>
    </ClInclude>
    <ClInclude Include="IGameMovement.h">
      <Filter>Header Files\SDK</Filter>
    </ClInclude>
    <ClInclude Include="SDK\IInputSystem.h">
      <Filter>Header Files\SDK</Filter>
    </ClInclude>
    <ClInclude Include="SDK\iLocalize.h">
      <Filter>Header Files\SDK</Filter>
    </ClInclude>
    <ClInclude Include="SDK\IMaterial.h">
      <Filter>Header Files\SDK</Filter>
    </ClInclude>
    <ClInclude Include="SDK\IMaterialSystem.h">
      <Filter>Header Files\SDK</Filter>
    </ClInclude>
    <ClInclude Include="SDK\IPhysicalSurfaceProps.h">
      <Filter>Header Files\SDK</Filter>
    </ClInclude>
    <ClInclude Include="SDK\IPrediction.h">
      <Filter>Header Files\SDK</Filter>
    </ClInclude>
    <ClInclude Include="SDK\ISurface.h">
      <Filter>Header Files\SDK</Filter>
    </ClInclude>
    <ClInclude Include="SDK\IVDebugOverlay.h">
      <Filter>Header Files\SDK</Filter>
    </ClInclude>
    <ClInclude Include="SDK\IVModelInfo.h">
      <Filter>Header Files\SDK</Filter>
    </ClInclude>
    <ClInclude Include="SDK\IVModelRender.h">
      <Filter>Header Files\SDK</Filter>
    </ClInclude>
    <ClInclude Include="SDK\IVPanel.h">
      <Filter>Header Files\SDK</Filter>
    </ClInclude>
    <ClInclude Include="SDK\materialconfig.h">
      <Filter>Header Files\SDK</Filter>
    </ClInclude>
    <ClInclude Include="SDK\materialsystem_config.h">
      <Filter>Header Files\SDK</Filter>
    </ClInclude>
    <ClInclude Include="SDK\SDK.h">
      <Filter>Header Files\SDK</Filter>
    </ClInclude>
    <ClInclude Include="SDK\IBaseClientDll.h">
      <Filter>Header Files\SDK</Filter>
    </ClInclude>
    <ClInclude Include="SDK\IAppSystem.h">
      <Filter>Header Files\SDK</Filter>
    </ClInclude>
    <ClInclude Include="SDK\CPlayerResource.h">
      <Filter>Header Files\SDK</Filter>
    </ClInclude>
    <ClInclude Include="SDK\CNetworkStringTable.h">
      <Filter>Header Files\SDK</Filter>
    </ClInclude>
    <ClInclude Include="SDK\CGlobalVars.h">
      <Filter>Header Files\SDK</Filter>
    </ClInclude>
    <ClInclude Include="SDK\CEffects.h">
      <Filter>Header Files\SDK</Filter>
    </ClInclude>
    <ClInclude Include="SDK\CClientState.h">
      <Filter>Header Files\SDK</Filter>
    </ClInclude>
    <ClInclude Include="CBaseClientState.h">
      <Filter>Header Files\SDK</Filter>
    </ClInclude>
    <ClInclude Include="SDK\KeyValues.h">
      <Filter>Header Files\SDK</Filter>
    </ClInclude>
    <ClInclude Include="ai_activity.h">
      <Filter>Header Files\SDK</Filter>
    </ClInclude>
  </ItemGroup>
  <ItemGroup>
    <Filter Include="Source Files">
      <UniqueIdentifier>{a63816a6-be38-4380-aab2-70c43bb5cd29}</UniqueIdentifier>
    </Filter>
    <Filter Include="Header Files">
      <UniqueIdentifier>{eebced9b-f7ef-4665-b3da-3b62a22310ce}</UniqueIdentifier>
    </Filter>
    <Filter Include="Source Files\SDK">
      <UniqueIdentifier>{770d62e9-1fb9-48c5-a2ae-a2953f254ebe}</UniqueIdentifier>
    </Filter>
    <Filter Include="Header Files\SDK">
      <UniqueIdentifier>{0d08f2af-63f1-4234-8c53-6530d9957e35}</UniqueIdentifier>
    </Filter>
  </ItemGroup>
</Project>