
Microsoft Visual Studio Solution File, Format Version 12.00
# Visual Studio 15
VisualStudioVersion = 15.0.26730.15
MinimumVisualStudioVersion = 10.0.40219.1
Project("{8BC9CEB8-8B4A-11D0-8D11-00A0C91BC942}") = "x-hook revamped", "Castle.vcxproj", "{70D85314-E552-47E6-86D8-E7AE764BCD82}"
EndProject
Global
	GlobalSection(SolutionConfigurationPlatforms) = preSolution
		Debug PC|Win32 = Debug PC|Win32
		Debug PC|x64 = Debug PC|x64
		Debug PC|x86 = Debug PC|x86
		Debug|Win32 = Debug|Win32
		Debug|x64 = Debug|x64
		Debug|x86 = Debug|x86
		Release|Win32 = Release|Win32
		Release|x64 = Release|x64
		Release|x86 = Release|x86
		Release2|Win32 = Release2|Win32
		Release2|x64 = Release2|x64
		Release2|x86 = Release2|x86
		test|Win32 = test|Win32
		test|x64 = test|x64
		test|x86 = test|x86
	EndGlobalSection
	GlobalSection(ProjectConfigurationPlatforms) = postSolution
		{70D85314-E552-47E6-86D8-E7AE764BCD82}.Debug PC|Win32.ActiveCfg = Debug PC|Win32
		{70D85314-E552-47E6-86D8-E7AE764BCD82}.Debug PC|x64.ActiveCfg = Debug PC|x64
		{70D85314-E552-47E6-86D8-E7AE764BCD82}.Debug PC|x64.Build.0 = Debug PC|x64
		{70D85314-E552-47E6-86D8-E7AE764BCD82}.Debug PC|x86.ActiveCfg = Debug PC|Win32
		{70D85314-E552-47E6-86D8-E7AE764BCD82}.Debug|Win32.ActiveCfg = Debug|Win32
		{70D85314-E552-47E6-86D8-E7AE764BCD82}.Debug|Win32.Build.0 = Debug|Win32
		{70D85314-E552-47E6-86D8-E7AE764BCD82}.Debug|x64.ActiveCfg = Debug|x64
		{70D85314-E552-47E6-86D8-E7AE764BCD82}.Debug|x64.Build.0 = Debug|x64
		{70D85314-E552-47E6-86D8-E7AE764BCD82}.Debug|x86.ActiveCfg = Debug|Win32
		{70D85314-E552-47E6-86D8-E7AE764BCD82}.Debug|x86.Build.0 = Debug|Win32
		{70D85314-E552-47E6-86D8-E7AE764BCD82}.Release|Win32.ActiveCfg = Release|Win32
		{70D85314-E552-47E6-86D8-E7AE764BCD82}.Release|Win32.Build.0 = Release|Win32
		{70D85314-E552-47E6-86D8-E7AE764BCD82}.Release|x64.ActiveCfg = Release|x64
		{70D85314-E552-47E6-86D8-E7AE764BCD82}.Release|x64.Build.0 = Release|x64
		{70D85314-E552-47E6-86D8-E7AE764BCD82}.Release|x86.ActiveCfg = Release|Win32
		{70D85314-E552-47E6-86D8-E7AE764BCD82}.Release|x86.Build.0 = Release|Win32
		{70D85314-E552-47E6-86D8-E7AE764BCD82}.Release2|Win32.ActiveCfg = Release2|Win32
		{70D85314-E552-47E6-86D8-E7AE764BCD82}.Release2|Win32.Build.0 = Release2|Win32
		{70D85314-E552-47E6-86D8-E7AE764BCD82}.Release2|x64.ActiveCfg = Release2|x64
		{70D85314-E552-47E6-86D8-E7AE764BCD82}.Release2|x64.Build.0 = Release2|x64
		{70D85314-E552-47E6-86D8-E7AE764BCD82}.Release2|x86.ActiveCfg = Release2|Win32
		{70D85314-E552-47E6-86D8-E7AE764BCD82}.Release2|x86.Build.0 = Release2|Win32
		{70D85314-E552-47E6-86D8-E7AE764BCD82}.test|Win32.ActiveCfg = test|Win32
		{70D85314-E552-47E6-86D8-E7AE764BCD82}.test|Win32.Build.0 = test|Win32
		{70D85314-E552-47E6-86D8-E7AE764BCD82}.test|x64.ActiveCfg = test|x64
		{70D85314-E552-47E6-86D8-E7AE764BCD82}.test|x64.Build.0 = test|x64
		{70D85314-E552-47E6-86D8-E7AE764BCD82}.test|x86.ActiveCfg = test|Win32
		{70D85314-E552-47E6-86D8-E7AE764BCD82}.test|x86.Build.0 = test|Win32
	EndGlobalSection
	GlobalSection(SolutionProperties) = preSolution
		HideSolutionNode = FALSE
	EndGlobalSection
	GlobalSection(ExtensibilityGlobals) = postSolution
		SolutionGuid = {E5E56932-FCA9-4763-8F7D-64161B16A18D}
	EndGlobalSection
EndGlobal
